
Microsoft Visual Studio Solution File, Format Version 12.00
# Visual Studio Version 17
VisualStudioVersion = 17.14.36429.23
MinimumVisualStudioVersion = 10.0.40219.1
Project("{2150E333-8FDC-42A3-9474-1A3956D46DE8}") = "Task0", "Task0", "{02EA681E-C7D8-13C7-8484-4AC65E1B71E8}"
EndProject
Project("{FAE04EC0-301F-11D3-BF4B-00C04F79EFBC}") = "Tyuiu.ZavyalovKA.Sprint6.Task0.V29.Lib", "Tyuiu.ZavyalovKA.Sprint6.Task0.V29.Lib\Tyuiu.ZavyalovKA.Sprint6.Task0.V29.Lib.csproj", "{4DBEB211-EBC9-4F88-AF29-087BD43189BB}"
EndProject
Project("{FAE04EC0-301F-11D3-BF4B-00C04F79EFBC}") = "Tyuiu.ZavyalovKA.Sprint6.Task0.V29.Test", "Tyuiu.ZavyalovKA.Sprint6.Task0.V29.Test\Tyuiu.ZavyalovKA.Sprint6.Task0.V29.Test.csproj", "{C20C678B-862D-4100-8205-54FB9545D9E8}"
EndProject
Project("{FAE04EC0-301F-11D3-BF4B-00C04F79EFBC}") = "Tyuiu.ZavyalovKA.Sprint6.Task0.V29", "Tyuiu.ZavyalovKA.Sprint6.Task0.V291\Tyuiu.ZavyalovKA.Sprint6.Task0.V29.csproj", "{650B33FF-200F-484D-9585-9FD26021C90D}"
EndProject
Project("{2150E333-8FDC-42A3-9474-1A3956D46DE8}") = "Task1", "Task1", "{598C4EEA-F294-4421-BF07-5CB431FC5E8F}"
EndProject
Project("{FAE04EC0-301F-11D3-BF4B-00C04F79EFBC}") = "Tyuiu.ZavyalovKA.Sprint6.Task1.V25.Lib", "Tyuiu.ZavyalovKA.Sprint6.Task1.V25.Lib\Tyuiu.ZavyalovKA.Sprint6.Task1.V25.Lib.csproj", "{D12FE09D-8F05-42F0-B866-C76F540E741C}"
EndProject
Project("{FAE04EC0-301F-11D3-BF4B-00C04F79EFBC}") = "Tyuiu.ZavyalovKA.Sprint6.Task1.V25.Test", "Tyuiu.ZavyalovKA.Sprint6.Task1.V25.Test\Tyuiu.ZavyalovKA.Sprint6.Task1.V25.Test.csproj", "{75B066B0-7E6C-4BB8-BBB9-7962B72720FC}"
EndProject
Project("{FAE04EC0-301F-11D3-BF4B-00C04F79EFBC}") = "Tyuiu.ZavyalovKA.Sprint6.Task1.V25", "Tyuiu.ZavyalovKA.Sprint6.Task1.V25\Tyuiu.ZavyalovKA.Sprint6.Task1.V25.csproj", "{2ACDA131-9CDF-43A0-B7AC-A04B82298FE8}"
EndProject
Project("{2150E333-8FDC-42A3-9474-1A3956D46DE8}") = "Task2", "Task2", "{A91B8E26-40D3-4A82-9EE2-77152068EE20}"
EndProject
Project("{FAE04EC0-301F-11D3-BF4B-00C04F79EFBC}") = "Tyuiu.ZavyalovKA.Sprint6.Task2.V30.Lib", "Tyuiu.ZavyalovKA.Sprint6.Task2.V30.Lib\Tyuiu.ZavyalovKA.Sprint6.Task2.V30.Lib.csproj", "{F341F853-0002-4643-997B-6BC6CFA6C20C}"
EndProject
Project("{FAE04EC0-301F-11D3-BF4B-00C04F79EFBC}") = "Tyuiu.ZavyalovKA.Sprint6.Task2.V30.Test", "Tyuiu.ZavyalovKA.Sprint6.Task2.V30.Test\Tyuiu.ZavyalovKA.Sprint6.Task2.V30.Test.csproj", "{BC6CDDBE-BCAE-4A4A-9D18-C0BBDFEBE645}"
EndProject
Project("{FAE04EC0-301F-11D3-BF4B-00C04F79EFBC}") = "Tyuiu.ZavyalovKA.Sprint6.Task2.V30", "Tyuiu.ZavyalovKA.Sprint6.Task2.V30\Tyuiu.ZavyalovKA.Sprint6.Task2.V30.csproj", "{654624CD-88E1-4103-8424-95D7A72C1787}"
EndProject
Project("{2150E333-8FDC-42A3-9474-1A3956D46DE8}") = "Task3", "Task3", "{8D76B72C-047B-4582-B8FD-DE7E95BA0743}"
EndProject
Project("{FAE04EC0-301F-11D3-BF4B-00C04F79EFBC}") = "Tyuiu.ZavyalovKA.Sprint6.Task3.V12.Lib", "Tyuiu.ZavyalovKA.Sprint6.Task3.V12.Lib\Tyuiu.ZavyalovKA.Sprint6.Task3.V12.Lib.csproj", "{B4E5C32A-EDA6-492C-83E5-725BD49ADA00}"
EndProject
Project("{FAE04EC0-301F-11D3-BF4B-00C04F79EFBC}") = "Tyuiu.ZavyalovKA.Sprint6.Task3.V12.Test", "Tyuiu.ZavyalovKA.Sprint6.Task3.V12.Test\Tyuiu.ZavyalovKA.Sprint6.Task3.V12.Test.csproj", "{B9405564-068B-41EF-9EFF-8C8B53C64B42}"
EndProject
Project("{FAE04EC0-301F-11D3-BF4B-00C04F79EFBC}") = "Tyuiu.ZavyalovKA.Sprint6.Task3.V12", "Tyuiu.ZavyalovKA.Sprint6.Task3.V12\Tyuiu.ZavyalovKA.Sprint6.Task3.V12.csproj", "{A89EB4EE-E738-4EA3-869E-25F942AA6329}"
EndProject
Global
	GlobalSection(SolutionConfigurationPlatforms) = preSolution
		Debug|Any CPU = Debug|Any CPU
		Release|Any CPU = Release|Any CPU
	EndGlobalSection
	GlobalSection(ProjectConfigurationPlatforms) = postSolution
		{4DBEB211-EBC9-4F88-AF29-087BD43189BB}.Debug|Any CPU.ActiveCfg = Debug|Any CPU
		{4DBEB211-EBC9-4F88-AF29-087BD43189BB}.Debug|Any CPU.Build.0 = Debug|Any CPU
		{4DBEB211-EBC9-4F88-AF29-087BD43189BB}.Release|Any CPU.ActiveCfg = Release|Any CPU
		{4DBEB211-EBC9-4F88-AF29-087BD43189BB}.Release|Any CPU.Build.0 = Release|Any CPU
		{C20C678B-862D-4100-8205-54FB9545D9E8}.Debug|Any CPU.ActiveCfg = Debug|Any CPU
		{C20C678B-862D-4100-8205-54FB9545D9E8}.Debug|Any CPU.Build.0 = Debug|Any CPU
		{C20C678B-862D-4100-8205-54FB9545D9E8}.Release|Any CPU.ActiveCfg = Release|Any CPU
		{C20C678B-862D-4100-8205-54FB9545D9E8}.Release|Any CPU.Build.0 = Release|Any CPU
		{650B33FF-200F-484D-9585-9FD26021C90D}.Debug|Any CPU.ActiveCfg = Debug|Any CPU
		{650B33FF-200F-484D-9585-9FD26021C90D}.Debug|Any CPU.Build.0 = Debug|Any CPU
		{650B33FF-200F-484D-9585-9FD26021C90D}.Release|Any CPU.ActiveCfg = Release|Any CPU
		{650B33FF-200F-484D-9585-9FD26021C90D}.Release|Any CPU.Build.0 = Release|Any CPU
		{D12FE09D-8F05-42F0-B866-C76F540E741C}.Debug|Any CPU.ActiveCfg = Debug|Any CPU
		{D12FE09D-8F05-42F0-B866-C76F540E741C}.Debug|Any CPU.Build.0 = Debug|Any CPU
		{D12FE09D-8F05-42F0-B866-C76F540E741C}.Release|Any CPU.ActiveCfg = Release|Any CPU
		{D12FE09D-8F05-42F0-B866-C76F540E741C}.Release|Any CPU.Build.0 = Release|Any CPU
		{75B066B0-7E6C-4BB8-BBB9-7962B72720FC}.Debug|Any CPU.ActiveCfg = Debug|Any CPU
		{75B066B0-7E6C-4BB8-BBB9-7962B72720FC}.Debug|Any CPU.Build.0 = Debug|Any CPU
		{75B066B0-7E6C-4BB8-BBB9-7962B72720FC}.Release|Any CPU.ActiveCfg = Release|Any CPU
		{75B066B0-7E6C-4BB8-BBB9-7962B72720FC}.Release|Any CPU.Build.0 = Release|Any CPU
		{2ACDA131-9CDF-43A0-B7AC-A04B82298FE8}.Debug|Any CPU.ActiveCfg = Debug|Any CPU
		{2ACDA131-9CDF-43A0-B7AC-A04B82298FE8}.Debug|Any CPU.Build.0 = Debug|Any CPU
		{2ACDA131-9CDF-43A0-B7AC-A04B82298FE8}.Release|Any CPU.ActiveCfg = Release|Any CPU
		{2ACDA131-9CDF-43A0-B7AC-A04B82298FE8}.Release|Any CPU.Build.0 = Release|Any CPU
		{F341F853-0002-4643-997B-6BC6CFA6C20C}.Debug|Any CPU.ActiveCfg = Debug|Any CPU
		{F341F853-0002-4643-997B-6BC6CFA6C20C}.Debug|Any CPU.Build.0 = Debug|Any CPU
		{F341F853-0002-4643-997B-6BC6CFA6C20C}.Release|Any CPU.ActiveCfg = Release|Any CPU
		{F341F853-0002-4643-997B-6BC6CFA6C20C}.Release|Any CPU.Build.0 = Release|Any CPU
		{BC6CDDBE-BCAE-4A4A-9D18-C0BBDFEBE645}.Debug|Any CPU.ActiveCfg = Debug|Any CPU
		{BC6CDDBE-BCAE-4A4A-9D18-C0BBDFEBE645}.Debug|Any CPU.Build.0 = Debug|Any CPU
		{BC6CDDBE-BCAE-4A4A-9D18-C0BBDFEBE645}.Release|Any CPU.ActiveCfg = Release|Any CPU
		{BC6CDDBE-BCAE-4A4A-9D18-C0BBDFEBE645}.Release|Any CPU.Build.0 = Release|Any CPU
		{654624CD-88E1-4103-8424-95D7A72C1787}.Debug|Any CPU.ActiveCfg = Debug|Any CPU
		{654624CD-88E1-4103-8424-95D7A72C1787}.Debug|Any CPU.Build.0 = Debug|Any CPU
		{654624CD-88E1-4103-8424-95D7A72C1787}.Release|Any CPU.ActiveCfg = Release|Any CPU
		{654624CD-88E1-4103-8424-95D7A72C1787}.Release|Any CPU.Build.0 = Release|Any CPU
		{B4E5C32A-EDA6-492C-83E5-725BD49ADA00}.Debug|Any CPU.ActiveCfg = Debug|Any CPU
		{B4E5C32A-EDA6-492C-83E5-725BD49ADA00}.Debug|Any CPU.Build.0 = Debug|Any CPU
		{B4E5C32A-EDA6-492C-83E5-725BD49ADA00}.Release|Any CPU.ActiveCfg = Release|Any CPU
		{B4E5C32A-EDA6-492C-83E5-725BD49ADA00}.Release|Any CPU.Build.0 = Release|Any CPU
		{B9405564-068B-41EF-9EFF-8C8B53C64B42}.Debug|Any CPU.ActiveCfg = Debug|Any CPU
		{B9405564-068B-41EF-9EFF-8C8B53C64B42}.Debug|Any CPU.Build.0 = Debug|Any CPU
		{B9405564-068B-41EF-9EFF-8C8B53C64B42}.Release|Any CPU.ActiveCfg = Release|Any CPU
		{B9405564-068B-41EF-9EFF-8C8B53C64B42}.Release|Any CPU.Build.0 = Release|Any CPU
		{A89EB4EE-E738-4EA3-869E-25F942AA6329}.Debug|Any CPU.ActiveCfg = Debug|Any CPU
		{A89EB4EE-E738-4EA3-869E-25F942AA6329}.Debug|Any CPU.Build.0 = Debug|Any CPU
		{A89EB4EE-E738-4EA3-869E-25F942AA6329}.Release|Any CPU.ActiveCfg = Release|Any CPU
		{A89EB4EE-E738-4EA3-869E-25F942AA6329}.Release|Any CPU.Build.0 = Release|Any CPU
	EndGlobalSection
	GlobalSection(SolutionProperties) = preSolution
		HideSolutionNode = FALSE
	EndGlobalSection
	GlobalSection(NestedProjects) = preSolution
		{4DBEB211-EBC9-4F88-AF29-087BD43189BB} = {02EA681E-C7D8-13C7-8484-4AC65E1B71E8}
		{C20C678B-862D-4100-8205-54FB9545D9E8} = {02EA681E-C7D8-13C7-8484-4AC65E1B71E8}
		{650B33FF-200F-484D-9585-9FD26021C90D} = {02EA681E-C7D8-13C7-8484-4AC65E1B71E8}
		{D12FE09D-8F05-42F0-B866-C76F540E741C} = {598C4EEA-F294-4421-BF07-5CB431FC5E8F}
		{75B066B0-7E6C-4BB8-BBB9-7962B72720FC} = {598C4EEA-F294-4421-BF07-5CB431FC5E8F}
		{2ACDA131-9CDF-43A0-B7AC-A04B82298FE8} = {598C4EEA-F294-4421-BF07-5CB431FC5E8F}
		{F341F853-0002-4643-997B-6BC6CFA6C20C} = {A91B8E26-40D3-4A82-9EE2-77152068EE20}
		{BC6CDDBE-BCAE-4A4A-9D18-C0BBDFEBE645} = {A91B8E26-40D3-4A82-9EE2-77152068EE20}
		{654624CD-88E1-4103-8424-95D7A72C1787} = {A91B8E26-40D3-4A82-9EE2-77152068EE20}
		{B4E5C32A-EDA6-492C-83E5-725BD49ADA00} = {8D76B72C-047B-4582-B8FD-DE7E95BA0743}
		{B9405564-068B-41EF-9EFF-8C8B53C64B42} = {8D76B72C-047B-4582-B8FD-DE7E95BA0743}
		{A89EB4EE-E738-4EA3-869E-25F942AA6329} = {8D76B72C-047B-4582-B8FD-DE7E95BA0743}
	EndGlobalSection
	GlobalSection(ExtensibilityGlobals) = postSolution
		SolutionGuid = {85ED4B0C-6BD2-4E67-BA6C-085052DCA016}
	EndGlobalSection
EndGlobal
